
Microsoft Visual Studio Solution File, Format Version 12.00
# Visual Studio 15
VisualStudioVersion = 15.0.26124.0
MinimumVisualStudioVersion = 15.0.26124.0
Project("{FAE04EC0-301F-11D3-BF4B-00C04F79EFBC}") = "BowlingBall", "BowlingBall\BowlingBall.csproj", "{1C7F7D23-3FF9-4BF7-BA09-F83DEE00D399}"
EndProject
Project("{FAE04EC0-301F-11D3-BF4B-00C04F79EFBC}") = "BowlingBall.Tests", "BowlingBall.Tests\BowlingBall.Tests.csproj", "{4D882C27-B2B0-4F52-BDD8-B4CCEE1ECAD2}"
EndProject
Global
	GlobalSection(SolutionConfigurationPlatforms) = preSolution
		Debug|Any CPU = Debug|Any CPU
		Debug|x64 = Debug|x64
		Debug|x86 = Debug|x86
		Release|Any CPU = Release|Any CPU
		Release|x64 = Release|x64
		Release|x86 = Release|x86
	EndGlobalSection
	GlobalSection(SolutionProperties) = preSolution
		HideSolutionNode = FALSE
	EndGlobalSection
	GlobalSection(ProjectConfigurationPlatforms) = postSolution
		{1C7F7D23-3FF9-4BF7-BA09-F83DEE00D399}.Debug|Any CPU.ActiveCfg = Debug|Any CPU
		{1C7F7D23-3FF9-4BF7-BA09-F83DEE00D399}.Debug|Any CPU.Build.0 = Debug|Any CPU
		{1C7F7D23-3FF9-4BF7-BA09-F83DEE00D399}.Debug|x64.ActiveCfg = Debug|Any CPU
		{1C7F7D23-3FF9-4BF7-BA09-F83DEE00D399}.Debug|x64.Build.0 = Debug|Any CPU
		{1C7F7D23-3FF9-4BF7-BA09-F83DEE00D399}.Debug|x86.ActiveCfg = Debug|Any CPU
		{1C7F7D23-3FF9-4BF7-BA09-F83DEE00D399}.Debug|x86.Build.0 = Debug|Any CPU
		{1C7F7D23-3FF9-4BF7-BA09-F83DEE00D399}.Release|Any CPU.ActiveCfg = Release|Any CPU
		{1C7F7D23-3FF9-4BF7-BA09-F83DEE00D399}.Release|Any CPU.Build.0 = Release|Any CPU
		{1C7F7D23-3FF9-4BF7-BA09-F83DEE00D399}.Release|x64.ActiveCfg = Release|Any CPU
		{1C7F7D23-3FF9-4BF7-BA09-F83DEE00D399}.Release|x64.Build.0 = Release|Any CPU
		{1C7F7D23-3FF9-4BF7-BA09-F83DEE00D399}.Release|x86.ActiveCfg = Release|Any CPU
		{1C7F7D23-3FF9-4BF7-BA09-F83DEE00D399}.Release|x86.Build.0 = Release|Any CPU
		{4D882C27-B2B0-4F52-BDD8-B4CCEE1ECAD2}.Debug|Any CPU.ActiveCfg = Debug|Any CPU
		{4D882C27-B2B0-4F52-BDD8-B4CCEE1ECAD2}.Debug|Any CPU.Build.0 = Debug|Any CPU
		{4D882C27-B2B0-4F52-BDD8-B4CCEE1ECAD2}.Debug|x64.ActiveCfg = Debug|Any CPU
		{4D882C27-B2B0-4F52-BDD8-B4CCEE1ECAD2}.Debug|x64.Build.0 = Debug|Any CPU
		{4D882C27-B2B0-4F52-BDD8-B4CCEE1ECAD2}.Debug|x86.ActiveCfg = Debug|Any CPU
		{4D882C27-B2B0-4F52-BDD8-B4CCEE1ECAD2}.Debug|x86.Build.0 = Debug|Any CPU
		{4D882C27-B2B0-4F52-BDD8-B4CCEE1ECAD2}.Release|Any CPU.ActiveCfg = Release|Any CPU
		{4D882C27-B2B0-4F52-BDD8-B4CCEE1ECAD2}.Release|Any CPU.Build.0 = Release|Any CPU
		{4D882C27-B2B0-4F52-BDD8-B4CCEE1ECAD2}.Release|x64.ActiveCfg = Release|Any CPU
		{4D882C27-B2B0-4F52-BDD8-B4CCEE1ECAD2}.Release|x64.Build.0 = Release|Any CPU
		{4D882C27-B2B0-4F52-BDD8-B4CCEE1ECAD2}.Release|x86.ActiveCfg = Release|Any CPU
		{4D882C27-B2B0-4F52-BDD8-B4CCEE1ECAD2}.Release|x86.Build.0 = Release|Any CPU
	EndGlobalSection
EndGlobal
